{
  "name": "skylark-ui-markeditor",
  "version": "0.9.0",
  "lockfileVersion": 1,
  "requires": true,
  "dependencies": {
    "skylark-langx": {
      "version": "git+https://github.com/skylarklangx/skylark-langx.git#46ff7d5acd7b7eead3c72cb4ac755cd9a404d092",
      "from": "git+https://github.com/skylarklangx/skylark-langx.git#master"
    },
    "skylark-ui-coder": {
      "version": "git+https://github.com/skylarkui/skylark-ui-coder.git#a9b89c4e68041c13d1da123749eb7003c615553f",
      "from": "git+https://github.com/skylarkui/skylark-ui-coder.git#master",
      "requires": {
        "skylark-langx": "git+https://github.com/skylarklangx/skylark-langx.git#46ff7d5acd7b7eead3c72cb4ac755cd9a404d092",
        "skylark-ui-swt": "git+https://github.com/skylarkui/skylark-ui-swt.git#f557126cd6718037b75b52d4dcafa50ec5fb2559",
        "skylark-utils": "git+https://github.com/skylarkutils/skylark-utils.git#84eec30ebc5beba8368c82236beb55586fd12374"
      }
    },
    "skylark-ui-swt": {
      "version": "git+https://github.com/skylarkui/skylark-ui-swt.git#f557126cd6718037b75b52d4dcafa50ec5fb2559",
      "from": "git+https://github.com/skylarkui/skylark-ui-swt.git#master"
    },
    "skylark-utils": {
      "version": "git+https://github.com/skylarkutils/skylark-utils.git#84eec30ebc5beba8368c82236beb55586fd12374",
      "from": "git+https://github.com/skylarkutils/skylark-utils.git#master",
      "requires": {
        "skylark-langx": "git+https://github.com/skylarklangx/skylark-langx.git#46ff7d5acd7b7eead3c72cb4ac755cd9a404d092",
        "skylark-utils-dom": "git+https://github.com/skylarkutils/skylark-utils-dom.git#6dd3947b8b1e88a77db435c65948f8998f17df97",
        "skylark-utils-filer": "git+https://github.com/skylarkutils/skylark-utils-filer.git#299633011043181d0c70194f0de2a540543b6f62"
      }
    },
    "skylark-utils-dom": {
      "version": "git+https://github.com/skylarkutils/skylark-utils-dom.git#6dd3947b8b1e88a77db435c65948f8998f17df97",
      "from": "git+https://github.com/skylarkutils/skylark-utils-dom.git#master",
      "requires": {
        "skylark-langx": "git+https://github.com/skylarklangx/skylark-langx.git#46ff7d5acd7b7eead3c72cb4ac755cd9a404d092"
      }
    },
    "skylark-utils-filer": {
      "version": "git+https://github.com/skylarkutils/skylark-utils-filer.git#299633011043181d0c70194f0de2a540543b6f62",
      "from": "git+https://github.com/skylarkutils/skylark-utils-filer.git#master"
    },
    "skylark-utils-md": {
      "version": "git+https://github.com/skylarkutils/skylark-utils-md.git#9f8a433f9f286d236098fa0bfe693ea9db6a36dc",
      "from": "git+https://github.com/skylarkutils/skylark-utils-md.git#master"
    }
  }
}
